// !$*UTF8*$!
{
	archiveVersion = 1;
	classes = {
	};
	objectVersion = 50;
	objects = {

/* Begin PBXBuildFile section */
		603F9DBF257D576B0098639C /* AppDelegate.swift in Sources */ = {isa = PBXBuildFile; fileRef = 603F9DBE257D576B0098639C /* AppDelegate.swift */; };
		603F9DC1257D576B0098639C /* SceneDelegate.swift in Sources */ = {isa = PBXBuildFile; fileRef = 603F9DC0257D576B0098639C /* SceneDelegate.swift */; };
		603F9DC6257D576B0098639C /* Main.storyboard in Resources */ = {isa = PBXBuildFile; fileRef = 603F9DC4257D576B0098639C /* Main.storyboard */; };
		603F9DC8257D576C0098639C /* Assets.xcassets in Resources */ = {isa = PBXBuildFile; fileRef = 603F9DC7257D576C0098639C /* Assets.xcassets */; };
		603F9DCB257D576C0098639C /* LaunchScreen.storyboard in Resources */ = {isa = PBXBuildFile; fileRef = 603F9DC9257D576C0098639C /* LaunchScreen.storyboard */; };
		603F9DD6257D576C0098639C /* ToDoListTests.swift in Sources */ = {isa = PBXBuildFile; fileRef = 603F9DD5257D576C0098639C /* ToDoListTests.swift */; };
		603F9DE1257D576C0098639C /* ToDoListUITests.swift in Sources */ = {isa = PBXBuildFile; fileRef = 603F9DE0257D576C0098639C /* ToDoListUITests.swift */; };
		603F9DF5257D57B90098639C /* TableViewController.swift in Sources */ = {isa = PBXBuildFile; fileRef = 603F9DF4257D57B90098639C /* TableViewController.swift */; };
		603F9DFD257D58190098639C /* Model.swift in Sources */ = {isa = PBXBuildFile; fileRef = 603F9DFC257D58190098639C /* Model.swift */; };
/* End PBXBuildFile section */

/* Begin PBXContainerItemProxy section */
		603F9DD2257D576C0098639C /* PBXContainerItemProxy */ = {
			isa = PBXContainerItemProxy;
			containerPortal = 603F9DB3257D576B0098639C /* Project object */;
			proxyType = 1;
			remoteGlobalIDString = 603F9DBA257D576B0098639C;
			remoteInfo = ToDoList;
		};
		603F9DDD257D576C0098639C /* PBXContainerItemProxy */ = {
			isa = PBXContainerItemProxy;
			containerPortal = 603F9DB3257D576B0098639C /* Project object */;
			proxyType = 1;
			remoteGlobalIDString = 603F9DBA257D576B0098639C;
			remoteInfo = ToDoList;
		};
/* End PBXContainerItemProxy section */

/* Begin PBXFileReference section */
		603F9DBB257D576B0098639C /* ToDoList.app */ = {isa = PBXFileReference; explicitFileType = wrapper.application; includeInIndex = 0; path = ToDoList.app; sourceTree = BUILT_PRODUCTS_DIR; };
		603F9DBE257D576B0098639C /* AppDelegate.swift */ = {isa = PBXFileReference; lastKnownFileType = sourcecode.swift; path = AppDelegate.swift; sourceTree = "<group>"; };
		603F9DC0257D576B0098639C /* SceneDelegate.swift */ = {isa = PBXFileReference; lastKnownFileType = sourcecode.swift; path = SceneDelegate.swift; sourceTree = "<group>"; };
		603F9DC5257D576B0098639C /* Base */ = {isa = PBXFileReference; lastKnownFileType = file.storyboard; name = Base; path = Base.lproj/Main.storyboard; sourceTree = "<group>"; };
		603F9DC7257D576C0098639C /* Assets.xcassets */ = {isa = PBXFileReference; lastKnownFileType = folder.assetcatalog; path = Assets.xcassets; sourceTree = "<group>"; };
		603F9DCA257D576C0098639C /* Base */ = {isa = PBXFileReference; lastKnownFileType = file.storyboard; name = Base; path = Base.lproj/LaunchScreen.storyboard; sourceTree = "<group>"; };
		603F9DCC257D576C0098639C /* Info.plist */ = {isa = PBXFileReference; lastKnownFileType = text.plist.xml; path = Info.plist; sourceTree = "<group>"; };
		603F9DD1257D576C0098639C /* ToDoListTests.xctest */ = {isa = PBXFileReference; explicitFileType = wrapper.cfbundle; includeInIndex = 0; path = ToDoListTests.xctest; sourceTree = BUILT_PRODUCTS_DIR; };
		603F9DD5257D576C0098639C /* ToDoListTests.swift */ = {isa = PBXFileReference; lastKnownFileType = sourcecode.swift; path = ToDoListTests.swift; sourceTree = "<group>"; };
		603F9DD7257D576C0098639C /* Info.plist */ = {isa = PBXFileReference; lastKnownFileType = text.plist.xml; path = Info.plist; sourceTree = "<group>"; };
		603F9DDC257D576C0098639C /* ToDoListUITests.xctest */ = {isa = PBXFileReference; explicitFileType = wrapper.cfbundle; includeInIndex = 0; path = ToDoListUITests.xctest; sourceTree = BUILT_PRODUCTS_DIR; };
		603F9DE0257D576C0098639C /* ToDoListUITests.swift */ = {isa = PBXFileReference; lastKnownFileType = sourcecode.swift; path = ToDoListUITests.swift; sourceTree = "<group>"; };
		603F9DE2257D576C0098639C /* Info.plist */ = {isa = PBXFileReference; lastKnownFileType = text.plist.xml; path = Info.plist; sourceTree = "<group>"; };
		603F9DF4257D57B90098639C /* TableViewController.swift */ = {isa = PBXFileReference; lastKnownFileType = sourcecode.swift; path = TableViewController.swift; sourceTree = "<group>"; };
		603F9DFC257D58190098639C /* Model.swift */ = {isa = PBXFileReference; lastKnownFileType = sourcecode.swift; path = Model.swift; sourceTree = "<group>"; };
/* End PBXFileReference section */

/* Begin PBXFrameworksBuildPhase section */
		603F9DB8257D576B0098639C /* Frameworks */ = {
			isa = PBXFrameworksBuildPhase;
			buildActionMask = 2147483647;
			files = (
			);
			runOnlyForDeploymentPostprocessing = 0;
		};
		603F9DCE257D576C0098639C /* Frameworks */ = {
			isa = PBXFrameworksBuildPhase;
			buildActionMask = 2147483647;
			files = (
			);
			runOnlyForDeploymentPostprocessing = 0;
		};
		603F9DD9257D576C0098639C /* Frameworks */ = {
			isa = PBXFrameworksBuildPhase;
			buildActionMask = 2147483647;
			files = (
			);
			runOnlyForDeploymentPostprocessing = 0;
		};
/* End PBXFrameworksBuildPhase section */

/* Begin PBXGroup section */
		603F9DB2257D576B0098639C = {
			isa = PBXGroup;
			children = (
				603F9DBD257D576B0098639C /* ToDoList */,
				603F9DD4257D576C0098639C /* ToDoListTests */,
				603F9DDF257D576C0098639C /* ToDoListUITests */,
				603F9DBC257D576B0098639C /* Products */,
			);
			sourceTree = "<group>";
		};
		603F9DBC257D576B0098639C /* Products */ = {
			isa = PBXGroup;
			children = (
				603F9DBB257D576B0098639C /* ToDoList.app */,
				603F9DD1257D576C0098639C /* ToDoListTests.xctest */,
				603F9DDC257D576C0098639C /* ToDoListUITests.xctest */,
			);
			name = Products;
			sourceTree = "<group>";
		};
		603F9DBD257D576B0098639C /* ToDoList */ = {
			isa = PBXGroup;
			children = (
				603F9DFC257D58190098639C /* Model.swift */,
				603F9DF4257D57B90098639C /* TableViewController.swift */,
				603F9DC4257D576B0098639C /* Main.storyboard */,
				603F9DBE257D576B0098639C /* AppDelegate.swift */,
				603F9DC0257D576B0098639C /* SceneDelegate.swift */,
				603F9DC7257D576C0098639C /* Assets.xcassets */,
				603F9DC9257D576C0098639C /* LaunchScreen.storyboard */,
				603F9DCC257D576C0098639C /* Info.plist */,
			);
			path = ToDoList;
			sourceTree = "<group>";
		};
		603F9DD4257D576C0098639C /* ToDoListTests */ = {
			isa = PBXGroup;
			children = (
				603F9DD5257D576C0098639C /* ToDoListTests.swift */,
				603F9DD7257D576C0098639C /* Info.plist */,
			);
			path = ToDoListTests;
			sourceTree = "<group>";
		};
		603F9DDF257D576C0098639C /* ToDoListUITests */ = {
			isa = PBXGroup;
			children = (
				603F9DE0257D576C0098639C /* ToDoListUITests.swift */,
				603F9DE2257D576C0098639C /* Info.plist */,
			);
			path = ToDoListUITests;
			sourceTree = "<group>";
		};
/* End PBXGroup section */

/* Begin PBXNativeTarget section */
		603F9DBA257D576B0098639C /* ToDoList */ = {
			isa = PBXNativeTarget;
			buildConfigurationList = 603F9DE5257D576C0098639C /* Build configuration list for PBXNativeTarget "ToDoList" */;
			buildPhases = (
				603F9DB7257D576B0098639C /* Sources */,
				603F9DB8257D576B0098639C /* Frameworks */,
				603F9DB9257D576B0098639C /* Resources */,
			);
			buildRules = (
			);
			dependencies = (
			);
			name = ToDoList;
			productName = ToDoList;
			productReference = 603F9DBB257D576B0098639C /* ToDoList.app */;
			productType = "com.apple.product-type.application";
		};
		603F9DD0257D576C0098639C /* ToDoListTests */ = {
			isa = PBXNativeTarget;
			buildConfigurationList = 603F9DE8257D576C0098639C /* Build configuration list for PBXNativeTarget "ToDoListTests" */;
			buildPhases = (
				603F9DCD257D576C0098639C /* Sources */,
				603F9DCE257D576C0098639C /* Frameworks */,
				603F9DCF257D576C0098639C /* Resources */,
			);
			buildRules = (
			);
			dependencies = (
				603F9DD3257D576C0098639C /* PBXTargetDependency */,
			);
			name = ToDoListTests;
			productName = ToDoListTests;
			productReference = 603F9DD1257D576C0098639C /* ToDoListTests.xctest */;
			productType = "com.apple.product-type.bundle.unit-test";
		};
		603F9DDB257D576C0098639C /* ToDoListUITests */ = {
			isa = PBXNativeTarget;
			buildConfigurationList = 603F9DEB257D576C0098639C /* Build configuration list for PBXNativeTarget "ToDoListUITests" */;
			buildPhases = (
				603F9DD8257D576C0098639C /* Sources */,
				603F9DD9257D576C0098639C /* Frameworks */,
				603F9DDA257D576C0098639C /* Resources */,
			);
			buildRules = (
			);
			dependencies = (
				603F9DDE257D576C0098639C /* PBXTargetDependency */,
			);
			name = ToDoListUITests;
			productName = ToDoListUITests;
			productReference = 603F9DDC257D576C0098639C /* ToDoListUITests.xctest */;
			productType = "com.apple.product-type.bundle.ui-testing";
		};
/* End PBXNativeTarget section */

/* Begin PBXProject section */
		603F9DB3257D576B0098639C /* Project object */ = {
			isa = PBXProject;
			attributes = {
				LastSwiftUpdateCheck = 1220;
				LastUpgradeCheck = 1220;
				TargetAttributes = {
					603F9DBA257D576B0098639C = {
						CreatedOnToolsVersion = 12.2;
					};
					603F9DD0257D576C0098639C = {
						CreatedOnToolsVersion = 12.2;
						TestTargetID = 603F9DBA257D576B0098639C;
					};
					603F9DDB257D576C0098639C = {
						CreatedOnToolsVersion = 12.2;
						TestTargetID = 603F9DBA257D576B0098639C;
					};
				};
			};
			buildConfigurationList = 603F9DB6257D576B0098639C /* Build configuration list for PBXProject "ToDoList" */;
			compatibilityVersion = "Xcode 9.3";
			developmentRegion = en;
			hasScannedForEncodings = 0;
			knownRegions = (
				en,
				Base,
			);
			mainGroup = 603F9DB2257D576B0098639C;
			productRefGroup = 603F9DBC257D576B0098639C /* Products */;
			projectDirPath = "";
			projectRoot = "";
			targets = (
				603F9DBA257D576B0098639C /* ToDoList */,
				603F9DD0257D576C0098639C /* ToDoListTests */,
				603F9DDB257D576C0098639C /* ToDoListUITests */,
			);
		};
/* End PBXProject section */

/* Begin PBXResourcesBuildPhase section */
		603F9DB9257D576B0098639C /* Resources */ = {
			isa = PBXResourcesBuildPhase;
			buildActionMask = 2147483647;
			files = (
				603F9DCB257D576C0098639C /* LaunchScreen.storyboard in Resources */,
				603F9DC8257D576C0098639C /* Assets.xcassets in Resources */,
				603F9DC6257D576B0098639C /* Main.storyboard in Resources */,
			);
			runOnlyForDeploymentPostprocessing = 0;
		};
		603F9DCF257D576C0098639C /* Resources */ = {
			isa = PBXResourcesBuildPhase;
			buildActionMask = 2147483647;
			files = (
			);
			runOnlyForDeploymentPostprocessing = 0;
		};
		603F9DDA257D576C0098639C /* Resources */ = {
			isa = PBXResourcesBuildPhase;
			buildActionMask = 2147483647;
			files = (
			);
			runOnlyForDeploymentPostprocessing = 0;
		};
/* End PBXResourcesBuildPhase section */

/* Begin PBXSourcesBuildPhase section */
		603F9DB7257D576B0098639C /* Sources */ = {
			isa = PBXSourcesBuildPhase;
			buildActionMask = 2147483647;
			files = (
				603F9DBF257D576B0098639C /* AppDelegate.swift in Sources */,
				603F9DF5257D57B90098639C /* TableViewController.swift in Sources */,
				603F9DC1257D576B0098639C /* SceneDelegate.swift in Sources */,
				603F9DFD257D58190098639C /* Model.swift in Sources */,
			);
			runOnlyForDeploymentPostprocessing = 0;
		};
		603F9DCD257D576C0098639C /* Sources */ = {
			isa = PBXSourcesBuildPhase;
			buildActionMask = 2147483647;
			files = (
				603F9DD6257D576C0098639C /* ToDoListTests.swift in Sources */,
			);
			runOnlyForDeploymentPostprocessing = 0;
		};
		603F9DD8257D576C0098639C /* Sources */ = {
			isa = PBXSourcesBuildPhase;
			buildActionMask = 2147483647;
			files = (
				603F9DE1257D576C0098639C /* ToDoListUITests.swift in Sources */,
			);
			runOnlyForDeploymentPostprocessing = 0;
		};
/* End PBXSourcesBuildPhase section */

/* Begin PBXTargetDependency section */
		603F9DD3257D576C0098639C /* PBXTargetDependency */ = {
			isa = PBXTargetDependency;
			target = 603F9DBA257D576B0098639C /* ToDoList */;
			targetProxy = 603F9DD2257D576C0098639C /* PBXContainerItemProxy */;
		};
		603F9DDE257D576C0098639C /* PBXTargetDependency */ = {
			isa = PBXTargetDependency;
			target = 603F9DBA257D576B0098639C /* ToDoList */;
			targetProxy = 603F9DDD257D576C0098639C /* PBXContainerItemProxy */;
		};
/* End PBXTargetDependency section */

/* Begin PBXVariantGroup section */
		603F9DC4257D576B0098639C /* Main.storyboard */ = {
			isa = PBXVariantGroup;
			children = (
				603F9DC5257D576B0098639C /* Base */,
			);
			name = Main.storyboard;
			sourceTree = "<group>";
		};
		603F9DC9257D576C0098639C /* LaunchScreen.storyboard */ = {
			isa = PBXVariantGroup;
			children = (
				603F9DCA257D576C0098639C /* Base */,
			);
			name = LaunchScreen.storyboard;
			sourceTree = "<group>";
		};
/* End PBXVariantGroup section */

/* Begin XCBuildConfiguration section */
		603F9DE3257D576C0098639C /* Debug */ = {
			isa = XCBuildConfiguration;
			buildSettings = {
				ALWAYS_SEARCH_USER_PATHS = NO;
				CLANG_ANALYZER_NONNULL = YES;
				CLANG_ANALYZER_NUMBER_OBJECT_CONVERSION = YES_AGGRESSIVE;
				CLANG_CXX_LANGUAGE_STANDARD = "gnu++14";
				CLANG_CXX_LIBRARY = "libc++";
				CLANG_ENABLE_MODULES = YES;
				CLANG_ENABLE_OBJC_ARC = YES;
				CLANG_ENABLE_OBJC_WEAK = YES;
				CLANG_WARN_BLOCK_CAPTURE_AUTORELEASING = YES;
				CLANG_WARN_BOOL_CONVERSION = YES;
				CLANG_WARN_COMMA = YES;
				CLANG_WARN_CONSTANT_CONVERSION = YES;
				CLANG_WARN_DEPRECATED_OBJC_IMPLEMENTATIONS = YES;
				CLANG_WARN_DIRECT_OBJC_ISA_USAGE = YES_ERROR;
				CLANG_WARN_DOCUMENTATION_COMMENTS = YES;
				CLANG_WARN_EMPTY_BODY = YES;
				CLANG_WARN_ENUM_CONVERSION = YES;
				CLANG_WARN_INFINITE_RECURSION = YES;
				CLANG_WARN_INT_CONVERSION = YES;
				CLANG_WARN_NON_LITERAL_NULL_CONVERSION = YES;
				CLANG_WARN_OBJC_IMPLICIT_RETAIN_SELF = YES;
				CLANG_WARN_OBJC_LITERAL_CONVERSION = YES;
				CLANG_WARN_OBJC_ROOT_CLASS = YES_ERROR;
				CLANG_WARN_QUOTED_INCLUDE_IN_FRAMEWORK_HEADER = YES;
				CLANG_WARN_RANGE_LOOP_ANALYSIS = YES;
				CLANG_WARN_STRICT_PROTOTYPES = YES;
				CLANG_WARN_SUSPICIOUS_MOVE = YES;
				CLANG_WARN_UNGUARDED_AVAILABILITY = YES_AGGRESSIVE;
				CLANG_WARN_UNREACHABLE_CODE = YES;
				CLANG_WARN__DUPLICATE_METHOD_MATCH = YES;
				COPY_PHASE_STRIP = NO;
				DEBUG_INFORMATION_FORMAT = dwarf;
				ENABLE_STRICT_OBJC_MSGSEND = YES;
				ENABLE_TESTABILITY = YES;
				GCC_C_LANGUAGE_STANDARD = gnu11;
				GCC_DYNAMIC_NO_PIC = NO;
				GCC_NO_COMMON_BLOCKS = YES;
				GCC_OPTIMIZATION_LEVEL = 0;
				GCC_PREPROCESSOR_DEFINITIONS = (
					"DEBUG=1",
					"$(inherited)",
				);
				GCC_WARN_64_TO_32_BIT_CONVERSION = YES;
				GCC_WARN_ABOUT_RETURN_TYPE = YES_ERROR;
				GCC_WARN_UNDECLARED_SELECTOR = YES;
				GCC_WARN_UNINITIALIZED_AUTOS = YES_AGGRESSIVE;
				GCC_WARN_UNUSED_FUNCTION = YES;
				GCC_WARN_UNUSED_VARIABLE = YES;
				IPHONEOS_DEPLOYMENT_TARGET = 14.2;
				MTL_ENABLE_DEBUG_INFO = INCLUDE_SOURCE;
				MTL_FAST_MATH = YES;
				ONLY_ACTIVE_ARCH = YES;
				SDKROOT = iphoneos;
				SWIFT_ACTIVE_COMPILATION_CONDITIONS = DEBUG;
				SWIFT_OPTIMIZATION_LEVEL = "-Onone";
			};
			name = Debug;
		};
		603F9DE4257D576C0098639C /* Release */ = {
			isa = XCBuildConfiguration;
			buildSettings = {
				ALWAYS_SEARCH_USER_PATHS = NO;
				CLANG_ANALYZER_NONNULL = YES;
				CLANG_ANALYZER_NUMBER_OBJECT_CONVERSION = YES_AGGRESSIVE;
				CLANG_CXX_LANGUAGE_STANDARD = "gnu++14";
				CLANG_CXX_LIBRARY = "libc++";
				CLANG_ENABLE_MODULES = YES;
				CLANG_ENABLE_OBJC_ARC = YES;
				CLANG_ENABLE_OBJC_WEAK = YES;
				CLANG_WARN_BLOCK_CAPTURE_AUTORELEASING = YES;
				CLANG_WARN_BOOL_CONVERSION = YES;
				CLANG_WARN_COMMA = YES;
				CLANG_WARN_CONSTANT_CONVERSION = YES;
				CLANG_WARN_DEPRECATED_OBJC_IMPLEMENTATIONS = YES;
				CLANG_WARN_DIRECT_OBJC_ISA_USAGE = YES_ERROR;
				CLANG_WARN_DOCUMENTATION_COMMENTS = YES;
				CLANG_WARN_EMPTY_BODY = YES;
				CLANG_WARN_ENUM_CONVERSION = YES;
				CLANG_WARN_INFINITE_RECURSION = YES;
				CLANG_WARN_INT_CONVERSION = YES;
				CLANG_WARN_NON_LITERAL_NULL_CONVERSION = YES;
				CLANG_WARN_OBJC_IMPLICIT_RETAIN_SELF = YES;
				CLANG_WARN_OBJC_LITERAL_CONVERSION = YES;
				CLANG_WARN_OBJC_ROOT_CLASS = YES_ERROR;
				CLANG_WARN_QUOTED_INCLUDE_IN_FRAMEWORK_HEADER = YES;
				CLANG_WARN_RANGE_LOOP_ANALYSIS = YES;
				CLANG_WARN_STRICT_PROTOTYPES = YES;
				CLANG_WARN_SUSPICIOUS_MOVE = YES;
				CLANG_WARN_UNGUARDED_AVAILABILITY = YES_AGGRESSIVE;
				CLANG_WARN_UNREACHABLE_CODE = YES;
				CLANG_WARN__DUPLICATE_METHOD_MATCH = YES;
				COPY_PHASE_STRIP = NO;
				DEBUG_INFORMATION_FORMAT = "dwarf-with-dsym";
				ENABLE_NS_ASSERTIONS = NO;
				ENABLE_STRICT_OBJC_MSGSEND = YES;
				GCC_C_LANGUAGE_STANDARD = gnu11;
				GCC_NO_COMMON_BLOCKS = YES;
				GCC_WARN_64_TO_32_BIT_CONVERSION = YES;
				GCC_WARN_ABOUT_RETURN_TYPE = YES_ERROR;
				GCC_WARN_UNDECLARED_SELECTOR = YES;
				GCC_WARN_UNINITIALIZED_AUTOS = YES_AGGRESSIVE;
				GCC_WARN_UNUSED_FUNCTION = YES;
				GCC_WARN_UNUSED_VARIABLE = YES;
				IPHONEOS_DEPLOYMENT_TARGET = 14.2;
				MTL_ENABLE_DEBUG_INFO = NO;
				MTL_FAST_MATH = YES;
				SDKROOT = iphoneos;
				SWIFT_COMPILATION_MODE = wholemodule;
				SWIFT_OPTIMIZATION_LEVEL = "-O";
				VALIDATE_PRODUCT = YES;
			};
			name = Release;
		};
		603F9DE6257D576C0098639C /* Debug */ = {
			isa = XCBuildConfiguration;
			buildSettings = {
				ASSETCATALOG_COMPILER_APPICON_NAME = AppIcon;
				ASSETCATALOG_COMPILER_GLOBAL_ACCENT_COLOR_NAME = AccentColor;
				CODE_SIGN_STYLE = Automatic;
				INFOPLIST_FILE = ToDoList/Info.plist;
				LD_RUNPATH_SEARCH_PATHS = (
					"$(inherited)",
					"@executable_path/Frameworks",
				);
				PRODUCT_BUNDLE_IDENTIFIER = Shomen.ToDoList;
				PRODUCT_NAME = "$(TARGET_NAME)";
				SWIFT_VERSION = 5.0;
				TARGETED_DEVICE_FAMILY = "1,2";
			};
			name = Debug;
		};
		603F9DE7257D576C0098639C /* Release */ = {
			isa = XCBuildConfiguration;
			buildSettings = {
				ASSETCATALOG_COMPILER_APPICON_NAME = AppIcon;
				ASSETCATALOG_COMPILER_GLOBAL_ACCENT_COLOR_NAME = AccentColor;
				CODE_SIGN_STYLE = Automatic;
				INFOPLIST_FILE = ToDoList/Info.plist;
				LD_RUNPATH_SEARCH_PATHS = (
					"$(inherited)",
					"@executable_path/Frameworks",
				);
				PRODUCT_BUNDLE_IDENTIFIER = Shomen.ToDoList;
				PRODUCT_NAME = "$(TARGET_NAME)";
				SWIFT_VERSION = 5.0;
				TARGETED_DEVICE_FAMILY = "1,2";
			};
			name = Release;
		};
		603F9DE9257D576C0098639C /* Debug */ = {
			isa = XCBuildConfiguration;
			buildSettings = {
				ALWAYS_EMBED_SWIFT_STANDARD_LIBRARIES = YES;
				BUNDLE_LOADER = "$(TEST_HOST)";
				CODE_SIGN_STYLE = Automatic;
				INFOPLIST_FILE = ToDoListTests/Info.plist;
				IPHONEOS_DEPLOYMENT_TARGET = 14.2;
				LD_RUNPATH_SEARCH_PATHS = (
					"$(inherited)",
					"@executable_path/Frameworks",
					"@loader_path/Frameworks",
				);
				PRODUCT_BUNDLE_IDENTIFIER = Shomen.ToDoListTests;
				PRODUCT_NAME = "$(TARGET_NAME)";
				SWIFT_VERSION = 5.0;
				TARGETED_DEVICE_FAMILY = "1,2";
				TEST_HOST = "$(BUILT_PRODUCTS_DIR)/ToDoList.app/ToDoList";
			};
			name = Debug;
		};
		603F9DEA257D576C0098639C /* Release */ = {
			isa = XCBuildConfiguration;
			buildSettings = {
				ALWAYS_EMBED_SWIFT_STANDARD_LIBRARIES = YES;
				BUNDLE_LOADER = "$(TEST_HOST)";
				CODE_SIGN_STYLE = Automatic;
				INFOPLIST_FILE = ToDoListTests/Info.plist;
				IPHONEOS_DEPLOYMENT_TARGET = 14.2;
				LD_RUNPATH_SEARCH_PATHS = (
					"$(inherited)",
					"@executable_path/Frameworks",
					"@loader_path/Frameworks",
				);
				PRODUCT_BUNDLE_IDENTIFIER = Shomen.ToDoListTests;
				PRODUCT_NAME = "$(TARGET_NAME)";
				SWIFT_VERSION = 5.0;
				TARGETED_DEVICE_FAMILY = "1,2";
				TEST_HOST = "$(BUILT_PRODUCTS_DIR)/ToDoList.app/ToDoList";
			};
			name = Release;
		};
		603F9DEC257D576C0098639C /* Debug */ = {
			isa = XCBuildConfiguration;
			buildSettings = {
				ALWAYS_EMBED_SWIFT_STANDARD_LIBRARIES = YES;
				CODE_SIGN_STYLE = Automatic;
				INFOPLIST_FILE = ToDoListUITests/Info.plist;
				LD_RUNPATH_SEARCH_PATHS = (
					"$(inherited)",
					"@executable_path/Frameworks",
					"@loader_path/Frameworks",
				);
				PRODUCT_BUNDLE_IDENTIFIER = Shomen.ToDoListUITests;
				PRODUCT_NAME = "$(TARGET_NAME)";
				SWIFT_VERSION = 5.0;
				TARGETED_DEVICE_FAMILY = "1,2";
				TEST_TARGET_NAME = ToDoList;
			};
			name = Debug;
		};
		603F9DED257D576C0098639C /* Release */ = {
			isa = XCBuildConfiguration;
			buildSettings = {
				ALWAYS_EMBED_SWIFT_STANDARD_LIBRARIES = YES;
				CODE_SIGN_STYLE = Automatic;
				INFOPLIST_FILE = ToDoListUITests/Info.plist;
				LD_RUNPATH_SEARCH_PATHS = (
					"$(inherited)",
					"@executable_path/Frameworks",
					"@loader_path/Frameworks",
				);
				PRODUCT_BUNDLE_IDENTIFIER = Shomen.ToDoListUITests;
				PRODUCT_NAME = "$(TARGET_NAME)";
				SWIFT_VERSION = 5.0;
				TARGETED_DEVICE_FAMILY = "1,2";
				TEST_TARGET_NAME = ToDoList;
			};
			name = Release;
		};
/* End XCBuildConfiguration section */

/* Begin XCConfigurationList section */
		603F9DB6257D576B0098639C /* Build configuration list for PBXProject "ToDoList" */ = {
			isa = XCConfigurationList;
			buildConfigurations = (
				603F9DE3257D576C0098639C /* Debug */,
				603F9DE4257D576C0098639C /* Release */,
			);
			defaultConfigurationIsVisible = 0;
			defaultConfigurationName = Release;
		};
		603F9DE5257D576C0098639C /* Build configuration list for PBXNativeTarget "ToDoList" */ = {
			isa = XCConfigurationList;
			buildConfigurations = (
				603F9DE6257D576C0098639C /* Debug */,
				603F9DE7257D576C0098639C /* Release */,
			);
			defaultConfigurationIsVisible = 0;
			defaultConfigurationName = Release;
		};
		603F9DE8257D576C0098639C /* Build configuration list for PBXNativeTarget "ToDoListTests" */ = {
			isa = XCConfigurationList;
			buildConfigurations = (
				603F9DE9257D576C0098639C /* Debug */,
				603F9DEA257D576C0098639C /* Release */,
			);
			defaultConfigurationIsVisible = 0;
			defaultConfigurationName = Release;
		};
		603F9DEB257D576C0098639C /* Build configuration list for PBXNativeTarget "ToDoListUITests" */ = {
			isa = XCConfigurationList;
			buildConfigurations = (
				603F9DEC257D576C0098639C /* Debug */,
				603F9DED257D576C0098639C /* Release */,
			);
			defaultConfigurationIsVisible = 0;
			defaultConfigurationName = Release;
		};
/* End XCConfigurationList section */
	};
	rootObject = 603F9DB3257D576B0098639C /* Project object */;
}
