// !$*UTF8*$!
{
	archiveVersion = 1;
	classes = {
	};
	objectVersion = 52;
	objects = {

/* Begin PBXBuildFile section */
		6062B0172703EBE0004B3C78 /* WeatherAppApp.swift in Sources */ = {isa = PBXBuildFile; fileRef = 6062B0162703EBE0004B3C78 /* WeatherAppApp.swift */; };
		6062B0192703EBE0004B3C78 /* ContentView.swift in Sources */ = {isa = PBXBuildFile; fileRef = 6062B0182703EBE0004B3C78 /* ContentView.swift */; };
		6062B01B2703EBE8004B3C78 /* Assets.xcassets in Resources */ = {isa = PBXBuildFile; fileRef = 6062B01A2703EBE8004B3C78 /* Assets.xcassets */; };
		6062B01E2703EBE8004B3C78 /* Preview Assets.xcassets in Resources */ = {isa = PBXBuildFile; fileRef = 6062B01D2703EBE8004B3C78 /* Preview Assets.xcassets */; };
		6062B0292703EBE9004B3C78 /* WeatherAppTests.swift in Sources */ = {isa = PBXBuildFile; fileRef = 6062B0282703EBE9004B3C78 /* WeatherAppTests.swift */; };
		6062B0342703EBE9004B3C78 /* WeatherAppUITests.swift in Sources */ = {isa = PBXBuildFile; fileRef = 6062B0332703EBE9004B3C78 /* WeatherAppUITests.swift */; };
		6062B0422703EC1E004B3C78 /* APISevice.swift in Sources */ = {isa = PBXBuildFile; fileRef = 6062B0412703EC1E004B3C78 /* APISevice.swift */; };
		6062B0442703EC3E004B3C78 /* Forecast.swift in Sources */ = {isa = PBXBuildFile; fileRef = 6062B0432703EC3E004B3C78 /* Forecast.swift */; };
		6062B0462703FC48004B3C78 /* ForecastViewModel.swift in Sources */ = {isa = PBXBuildFile; fileRef = 6062B0452703FC48004B3C78 /* ForecastViewModel.swift */; };
		6062B0482704019B004B3C78 /* ForecastListViewModel.swift in Sources */ = {isa = PBXBuildFile; fileRef = 6062B0472704019B004B3C78 /* ForecastListViewModel.swift */; };
		6062B04B27040797004B3C78 /* SDWebImageSwiftUI in Frameworks */ = {isa = PBXBuildFile; productRef = 6062B04A27040797004B3C78 /* SDWebImageSwiftUI */; };
		6062B04E270409C3004B3C78 /* Kingfisher in Frameworks */ = {isa = PBXBuildFile; productRef = 6062B04D270409C3004B3C78 /* Kingfisher */; };
		6062B050270420C2004B3C78 /* Hourly.swift in Sources */ = {isa = PBXBuildFile; fileRef = 6062B04F270420C2004B3C78 /* Hourly.swift */; };
		6062B05227042169004B3C78 /* HourlyViewModel.swift in Sources */ = {isa = PBXBuildFile; fileRef = 6062B05127042169004B3C78 /* HourlyViewModel.swift */; };
		6062B054270422A0004B3C78 /* HourlyListViewModel.swift in Sources */ = {isa = PBXBuildFile; fileRef = 6062B053270422A0004B3C78 /* HourlyListViewModel.swift */; };
		60E1EE3A270C71A000B049F3 /* MapKit.framework in Frameworks */ = {isa = PBXBuildFile; fileRef = 60E1EE39270C719F00B049F3 /* MapKit.framework */; };
/* End PBXBuildFile section */

/* Begin PBXContainerItemProxy section */
		6062B0252703EBE9004B3C78 /* PBXContainerItemProxy */ = {
			isa = PBXContainerItemProxy;
			containerPortal = 6062B00B2703EBE0004B3C78 /* Project object */;
			proxyType = 1;
			remoteGlobalIDString = 6062B0122703EBE0004B3C78;
			remoteInfo = WeatherApp;
		};
		6062B0302703EBE9004B3C78 /* PBXContainerItemProxy */ = {
			isa = PBXContainerItemProxy;
			containerPortal = 6062B00B2703EBE0004B3C78 /* Project object */;
			proxyType = 1;
			remoteGlobalIDString = 6062B0122703EBE0004B3C78;
			remoteInfo = WeatherApp;
		};
/* End PBXContainerItemProxy section */

/* Begin PBXFileReference section */
		6062B0132703EBE0004B3C78 /* WeatherApp.app */ = {isa = PBXFileReference; explicitFileType = wrapper.application; includeInIndex = 0; path = WeatherApp.app; sourceTree = BUILT_PRODUCTS_DIR; };
		6062B0162703EBE0004B3C78 /* WeatherAppApp.swift */ = {isa = PBXFileReference; lastKnownFileType = sourcecode.swift; path = WeatherAppApp.swift; sourceTree = "<group>"; };
		6062B0182703EBE0004B3C78 /* ContentView.swift */ = {isa = PBXFileReference; lastKnownFileType = sourcecode.swift; path = ContentView.swift; sourceTree = "<group>"; };
		6062B01A2703EBE8004B3C78 /* Assets.xcassets */ = {isa = PBXFileReference; lastKnownFileType = folder.assetcatalog; path = Assets.xcassets; sourceTree = "<group>"; };
		6062B01D2703EBE8004B3C78 /* Preview Assets.xcassets */ = {isa = PBXFileReference; lastKnownFileType = folder.assetcatalog; path = "Preview Assets.xcassets"; sourceTree = "<group>"; };
		6062B01F2703EBE8004B3C78 /* Info.plist */ = {isa = PBXFileReference; lastKnownFileType = text.plist.xml; path = Info.plist; sourceTree = "<group>"; };
		6062B0242703EBE9004B3C78 /* WeatherAppTests.xctest */ = {isa = PBXFileReference; explicitFileType = wrapper.cfbundle; includeInIndex = 0; path = WeatherAppTests.xctest; sourceTree = BUILT_PRODUCTS_DIR; };
		6062B0282703EBE9004B3C78 /* WeatherAppTests.swift */ = {isa = PBXFileReference; lastKnownFileType = sourcecode.swift; path = WeatherAppTests.swift; sourceTree = "<group>"; };
		6062B02A2703EBE9004B3C78 /* Info.plist */ = {isa = PBXFileReference; lastKnownFileType = text.plist.xml; path = Info.plist; sourceTree = "<group>"; };
		6062B02F2703EBE9004B3C78 /* WeatherAppUITests.xctest */ = {isa = PBXFileReference; explicitFileType = wrapper.cfbundle; includeInIndex = 0; path = WeatherAppUITests.xctest; sourceTree = BUILT_PRODUCTS_DIR; };
		6062B0332703EBE9004B3C78 /* WeatherAppUITests.swift */ = {isa = PBXFileReference; lastKnownFileType = sourcecode.swift; path = WeatherAppUITests.swift; sourceTree = "<group>"; };
		6062B0352703EBE9004B3C78 /* Info.plist */ = {isa = PBXFileReference; lastKnownFileType = text.plist.xml; path = Info.plist; sourceTree = "<group>"; };
		6062B0412703EC1E004B3C78 /* APISevice.swift */ = {isa = PBXFileReference; fileEncoding = 4; lastKnownFileType = sourcecode.swift; path = APISevice.swift; sourceTree = "<group>"; };
		6062B0432703EC3E004B3C78 /* Forecast.swift */ = {isa = PBXFileReference; lastKnownFileType = sourcecode.swift; path = Forecast.swift; sourceTree = "<group>"; };
		6062B0452703FC48004B3C78 /* ForecastViewModel.swift */ = {isa = PBXFileReference; lastKnownFileType = sourcecode.swift; path = ForecastViewModel.swift; sourceTree = "<group>"; };
		6062B0472704019B004B3C78 /* ForecastListViewModel.swift */ = {isa = PBXFileReference; lastKnownFileType = sourcecode.swift; path = ForecastListViewModel.swift; sourceTree = "<group>"; };
		6062B04F270420C2004B3C78 /* Hourly.swift */ = {isa = PBXFileReference; lastKnownFileType = sourcecode.swift; path = Hourly.swift; sourceTree = "<group>"; };
		6062B05127042169004B3C78 /* HourlyViewModel.swift */ = {isa = PBXFileReference; lastKnownFileType = sourcecode.swift; path = HourlyViewModel.swift; sourceTree = "<group>"; };
		6062B053270422A0004B3C78 /* HourlyListViewModel.swift */ = {isa = PBXFileReference; lastKnownFileType = sourcecode.swift; path = HourlyListViewModel.swift; sourceTree = "<group>"; };
		60E1EE39270C719F00B049F3 /* MapKit.framework */ = {isa = PBXFileReference; lastKnownFileType = wrapper.framework; name = MapKit.framework; path = System/Library/Frameworks/MapKit.framework; sourceTree = SDKROOT; };
/* End PBXFileReference section */

/* Begin PBXFrameworksBuildPhase section */
		6062B0102703EBE0004B3C78 /* Frameworks */ = {
			isa = PBXFrameworksBuildPhase;
			buildActionMask = 2147483647;
			files = (
				6062B04E270409C3004B3C78 /* Kingfisher in Frameworks */,
				60E1EE3A270C71A000B049F3 /* MapKit.framework in Frameworks */,
				6062B04B27040797004B3C78 /* SDWebImageSwiftUI in Frameworks */,
			);
			runOnlyForDeploymentPostprocessing = 0;
		};
		6062B0212703EBE9004B3C78 /* Frameworks */ = {
			isa = PBXFrameworksBuildPhase;
			buildActionMask = 2147483647;
			files = (
			);
			runOnlyForDeploymentPostprocessing = 0;
		};
		6062B02C2703EBE9004B3C78 /* Frameworks */ = {
			isa = PBXFrameworksBuildPhase;
			buildActionMask = 2147483647;
			files = (
			);
			runOnlyForDeploymentPostprocessing = 0;
		};
/* End PBXFrameworksBuildPhase section */

/* Begin PBXGroup section */
		6062B00A2703EBE0004B3C78 = {
			isa = PBXGroup;
			children = (
				6062B0152703EBE0004B3C78 /* WeatherApp */,
				6062B0272703EBE9004B3C78 /* WeatherAppTests */,
				6062B0322703EBE9004B3C78 /* WeatherAppUITests */,
				6062B0142703EBE0004B3C78 /* Products */,
				60E1EE38270C719F00B049F3 /* Frameworks */,
			);
			sourceTree = "<group>";
		};
		6062B0142703EBE0004B3C78 /* Products */ = {
			isa = PBXGroup;
			children = (
				6062B0132703EBE0004B3C78 /* WeatherApp.app */,
				6062B0242703EBE9004B3C78 /* WeatherAppTests.xctest */,
				6062B02F2703EBE9004B3C78 /* WeatherAppUITests.xctest */,
			);
			name = Products;
			sourceTree = "<group>";
		};
		6062B0152703EBE0004B3C78 /* WeatherApp */ = {
			isa = PBXGroup;
			children = (
				6062B0162703EBE0004B3C78 /* WeatherAppApp.swift */,
				6062B0182703EBE0004B3C78 /* ContentView.swift */,
				6062B0432703EC3E004B3C78 /* Forecast.swift */,
				6062B0452703FC48004B3C78 /* ForecastViewModel.swift */,
				6062B0472704019B004B3C78 /* ForecastListViewModel.swift */,
				6062B04F270420C2004B3C78 /* Hourly.swift */,
				6062B05127042169004B3C78 /* HourlyViewModel.swift */,
				6062B053270422A0004B3C78 /* HourlyListViewModel.swift */,
				6062B0412703EC1E004B3C78 /* APISevice.swift */,
				6062B01A2703EBE8004B3C78 /* Assets.xcassets */,
				6062B01F2703EBE8004B3C78 /* Info.plist */,
				6062B01C2703EBE8004B3C78 /* Preview Content */,
			);
			path = WeatherApp;
			sourceTree = "<group>";
		};
		6062B01C2703EBE8004B3C78 /* Preview Content */ = {
			isa = PBXGroup;
			children = (
				6062B01D2703EBE8004B3C78 /* Preview Assets.xcassets */,
			);
			path = "Preview Content";
			sourceTree = "<group>";
		};
		6062B0272703EBE9004B3C78 /* WeatherAppTests */ = {
			isa = PBXGroup;
			children = (
				6062B0282703EBE9004B3C78 /* WeatherAppTests.swift */,
				6062B02A2703EBE9004B3C78 /* Info.plist */,
			);
			path = WeatherAppTests;
			sourceTree = "<group>";
		};
		6062B0322703EBE9004B3C78 /* WeatherAppUITests */ = {
			isa = PBXGroup;
			children = (
				6062B0332703EBE9004B3C78 /* WeatherAppUITests.swift */,
				6062B0352703EBE9004B3C78 /* Info.plist */,
			);
			path = WeatherAppUITests;
			sourceTree = "<group>";
		};
		60E1EE38270C719F00B049F3 /* Frameworks */ = {
			isa = PBXGroup;
			children = (
				60E1EE39270C719F00B049F3 /* MapKit.framework */,
			);
			name = Frameworks;
			sourceTree = "<group>";
		};
/* End PBXGroup section */

/* Begin PBXNativeTarget section */
		6062B0122703EBE0004B3C78 /* WeatherApp */ = {
			isa = PBXNativeTarget;
			buildConfigurationList = 6062B0382703EBE9004B3C78 /* Build configuration list for PBXNativeTarget "WeatherApp" */;
			buildPhases = (
				6062B00F2703EBE0004B3C78 /* Sources */,
				6062B0102703EBE0004B3C78 /* Frameworks */,
				6062B0112703EBE0004B3C78 /* Resources */,
			);
			buildRules = (
			);
			dependencies = (
			);
			name = WeatherApp;
			packageProductDependencies = (
				6062B04A27040797004B3C78 /* SDWebImageSwiftUI */,
				6062B04D270409C3004B3C78 /* Kingfisher */,
			);
			productName = WeatherApp;
			productReference = 6062B0132703EBE0004B3C78 /* WeatherApp.app */;
			productType = "com.apple.product-type.application";
		};
		6062B0232703EBE9004B3C78 /* WeatherAppTests */ = {
			isa = PBXNativeTarget;
			buildConfigurationList = 6062B03B2703EBE9004B3C78 /* Build configuration list for PBXNativeTarget "WeatherAppTests" */;
			buildPhases = (
				6062B0202703EBE9004B3C78 /* Sources */,
				6062B0212703EBE9004B3C78 /* Frameworks */,
				6062B0222703EBE9004B3C78 /* Resources */,
			);
			buildRules = (
			);
			dependencies = (
				6062B0262703EBE9004B3C78 /* PBXTargetDependency */,
			);
			name = WeatherAppTests;
			productName = WeatherAppTests;
			productReference = 6062B0242703EBE9004B3C78 /* WeatherAppTests.xctest */;
			productType = "com.apple.product-type.bundle.unit-test";
		};
		6062B02E2703EBE9004B3C78 /* WeatherAppUITests */ = {
			isa = PBXNativeTarget;
			buildConfigurationList = 6062B03E2703EBE9004B3C78 /* Build configuration list for PBXNativeTarget "WeatherAppUITests" */;
			buildPhases = (
				6062B02B2703EBE9004B3C78 /* Sources */,
				6062B02C2703EBE9004B3C78 /* Frameworks */,
				6062B02D2703EBE9004B3C78 /* Resources */,
			);
			buildRules = (
			);
			dependencies = (
				6062B0312703EBE9004B3C78 /* PBXTargetDependency */,
			);
			name = WeatherAppUITests;
			productName = WeatherAppUITests;
			productReference = 6062B02F2703EBE9004B3C78 /* WeatherAppUITests.xctest */;
			productType = "com.apple.product-type.bundle.ui-testing";
		};
/* End PBXNativeTarget section */

/* Begin PBXProject section */
		6062B00B2703EBE0004B3C78 /* Project object */ = {
			isa = PBXProject;
			attributes = {
				LastSwiftUpdateCheck = 1250;
				LastUpgradeCheck = 1250;
				TargetAttributes = {
					6062B0122703EBE0004B3C78 = {
						CreatedOnToolsVersion = 12.5;
					};
					6062B0232703EBE9004B3C78 = {
						CreatedOnToolsVersion = 12.5;
						TestTargetID = 6062B0122703EBE0004B3C78;
					};
					6062B02E2703EBE9004B3C78 = {
						CreatedOnToolsVersion = 12.5;
						TestTargetID = 6062B0122703EBE0004B3C78;
					};
				};
			};
			buildConfigurationList = 6062B00E2703EBE0004B3C78 /* Build configuration list for PBXProject "WeatherApp" */;
			compatibilityVersion = "Xcode 9.3";
			developmentRegion = en;
			hasScannedForEncodings = 0;
			knownRegions = (
				en,
				Base,
				ru,
			);
			mainGroup = 6062B00A2703EBE0004B3C78;
			packageReferences = (
				6062B04927040797004B3C78 /* XCRemoteSwiftPackageReference "SDWebImageSwiftUI" */,
				6062B04C270409C3004B3C78 /* XCRemoteSwiftPackageReference "Kingfisher" */,
			);
			productRefGroup = 6062B0142703EBE0004B3C78 /* Products */;
			projectDirPath = "";
			projectRoot = "";
			targets = (
				6062B0122703EBE0004B3C78 /* WeatherApp */,
				6062B0232703EBE9004B3C78 /* WeatherAppTests */,
				6062B02E2703EBE9004B3C78 /* WeatherAppUITests */,
			);
		};
/* End PBXProject section */

/* Begin PBXResourcesBuildPhase section */
		6062B0112703EBE0004B3C78 /* Resources */ = {
			isa = PBXResourcesBuildPhase;
			buildActionMask = 2147483647;
			files = (
				6062B01E2703EBE8004B3C78 /* Preview Assets.xcassets in Resources */,
				6062B01B2703EBE8004B3C78 /* Assets.xcassets in Resources */,
			);
			runOnlyForDeploymentPostprocessing = 0;
		};
		6062B0222703EBE9004B3C78 /* Resources */ = {
			isa = PBXResourcesBuildPhase;
			buildActionMask = 2147483647;
			files = (
			);
			runOnlyForDeploymentPostprocessing = 0;
		};
		6062B02D2703EBE9004B3C78 /* Resources */ = {
			isa = PBXResourcesBuildPhase;
			buildActionMask = 2147483647;
			files = (
			);
			runOnlyForDeploymentPostprocessing = 0;
		};
/* End PBXResourcesBuildPhase section */

/* Begin PBXSourcesBuildPhase section */
		6062B00F2703EBE0004B3C78 /* Sources */ = {
			isa = PBXSourcesBuildPhase;
			buildActionMask = 2147483647;
			files = (
				6062B0442703EC3E004B3C78 /* Forecast.swift in Sources */,
				6062B0192703EBE0004B3C78 /* ContentView.swift in Sources */,
				6062B0172703EBE0004B3C78 /* WeatherAppApp.swift in Sources */,
				6062B0422703EC1E004B3C78 /* APISevice.swift in Sources */,
				6062B0462703FC48004B3C78 /* ForecastViewModel.swift in Sources */,
				6062B0482704019B004B3C78 /* ForecastListViewModel.swift in Sources */,
				6062B054270422A0004B3C78 /* HourlyListViewModel.swift in Sources */,
				6062B050270420C2004B3C78 /* Hourly.swift in Sources */,
				6062B05227042169004B3C78 /* HourlyViewModel.swift in Sources */,
			);
			runOnlyForDeploymentPostprocessing = 0;
		};
		6062B0202703EBE9004B3C78 /* Sources */ = {
			isa = PBXSourcesBuildPhase;
			buildActionMask = 2147483647;
			files = (
				6062B0292703EBE9004B3C78 /* WeatherAppTests.swift in Sources */,
			);
			runOnlyForDeploymentPostprocessing = 0;
		};
		6062B02B2703EBE9004B3C78 /* Sources */ = {
			isa = PBXSourcesBuildPhase;
			buildActionMask = 2147483647;
			files = (
				6062B0342703EBE9004B3C78 /* WeatherAppUITests.swift in Sources */,
			);
			runOnlyForDeploymentPostprocessing = 0;
		};
/* End PBXSourcesBuildPhase section */

/* Begin PBXTargetDependency section */
		6062B0262703EBE9004B3C78 /* PBXTargetDependency */ = {
			isa = PBXTargetDependency;
			target = 6062B0122703EBE0004B3C78 /* WeatherApp */;
			targetProxy = 6062B0252703EBE9004B3C78 /* PBXContainerItemProxy */;
		};
		6062B0312703EBE9004B3C78 /* PBXTargetDependency */ = {
			isa = PBXTargetDependency;
			target = 6062B0122703EBE0004B3C78 /* WeatherApp */;
			targetProxy = 6062B0302703EBE9004B3C78 /* PBXContainerItemProxy */;
		};
/* End PBXTargetDependency section */

/* Begin XCBuildConfiguration section */
		6062B0362703EBE9004B3C78 /* Debug */ = {
			isa = XCBuildConfiguration;
			buildSettings = {
				ALWAYS_SEARCH_USER_PATHS = NO;
				CLANG_ANALYZER_NONNULL = YES;
				CLANG_ANALYZER_NUMBER_OBJECT_CONVERSION = YES_AGGRESSIVE;
				CLANG_CXX_LANGUAGE_STANDARD = "gnu++14";
				CLANG_CXX_LIBRARY = "libc++";
				CLANG_ENABLE_MODULES = YES;
				CLANG_ENABLE_OBJC_ARC = YES;
				CLANG_ENABLE_OBJC_WEAK = YES;
				CLANG_WARN_BLOCK_CAPTURE_AUTORELEASING = YES;
				CLANG_WARN_BOOL_CONVERSION = YES;
				CLANG_WARN_COMMA = YES;
				CLANG_WARN_CONSTANT_CONVERSION = YES;
				CLANG_WARN_DEPRECATED_OBJC_IMPLEMENTATIONS = YES;
				CLANG_WARN_DIRECT_OBJC_ISA_USAGE = YES_ERROR;
				CLANG_WARN_DOCUMENTATION_COMMENTS = YES;
				CLANG_WARN_EMPTY_BODY = YES;
				CLANG_WARN_ENUM_CONVERSION = YES;
				CLANG_WARN_INFINITE_RECURSION = YES;
				CLANG_WARN_INT_CONVERSION = YES;
				CLANG_WARN_NON_LITERAL_NULL_CONVERSION = YES;
				CLANG_WARN_OBJC_IMPLICIT_RETAIN_SELF = YES;
				CLANG_WARN_OBJC_LITERAL_CONVERSION = YES;
				CLANG_WARN_OBJC_ROOT_CLASS = YES_ERROR;
				CLANG_WARN_QUOTED_INCLUDE_IN_FRAMEWORK_HEADER = YES;
				CLANG_WARN_RANGE_LOOP_ANALYSIS = YES;
				CLANG_WARN_STRICT_PROTOTYPES = YES;
				CLANG_WARN_SUSPICIOUS_MOVE = YES;
				CLANG_WARN_UNGUARDED_AVAILABILITY = YES_AGGRESSIVE;
				CLANG_WARN_UNREACHABLE_CODE = YES;
				CLANG_WARN__DUPLICATE_METHOD_MATCH = YES;
				COPY_PHASE_STRIP = NO;
				DEBUG_INFORMATION_FORMAT = dwarf;
				ENABLE_STRICT_OBJC_MSGSEND = YES;
				ENABLE_TESTABILITY = YES;
				GCC_C_LANGUAGE_STANDARD = gnu11;
				GCC_DYNAMIC_NO_PIC = NO;
				GCC_NO_COMMON_BLOCKS = YES;
				GCC_OPTIMIZATION_LEVEL = 0;
				GCC_PREPROCESSOR_DEFINITIONS = (
					"DEBUG=1",
					"$(inherited)",
				);
				GCC_WARN_64_TO_32_BIT_CONVERSION = YES;
				GCC_WARN_ABOUT_RETURN_TYPE = YES_ERROR;
				GCC_WARN_UNDECLARED_SELECTOR = YES;
				GCC_WARN_UNINITIALIZED_AUTOS = YES_AGGRESSIVE;
				GCC_WARN_UNUSED_FUNCTION = YES;
				GCC_WARN_UNUSED_VARIABLE = YES;
				IPHONEOS_DEPLOYMENT_TARGET = 14.5;
				MTL_ENABLE_DEBUG_INFO = INCLUDE_SOURCE;
				MTL_FAST_MATH = YES;
				ONLY_ACTIVE_ARCH = YES;
				SDKROOT = iphoneos;
				SWIFT_ACTIVE_COMPILATION_CONDITIONS = DEBUG;
				SWIFT_OPTIMIZATION_LEVEL = "-Onone";
			};
			name = Debug;
		};
		6062B0372703EBE9004B3C78 /* Release */ = {
			isa = XCBuildConfiguration;
			buildSettings = {
				ALWAYS_SEARCH_USER_PATHS = NO;
				CLANG_ANALYZER_NONNULL = YES;
				CLANG_ANALYZER_NUMBER_OBJECT_CONVERSION = YES_AGGRESSIVE;
				CLANG_CXX_LANGUAGE_STANDARD = "gnu++14";
				CLANG_CXX_LIBRARY = "libc++";
				CLANG_ENABLE_MODULES = YES;
				CLANG_ENABLE_OBJC_ARC = YES;
				CLANG_ENABLE_OBJC_WEAK = YES;
				CLANG_WARN_BLOCK_CAPTURE_AUTORELEASING = YES;
				CLANG_WARN_BOOL_CONVERSION = YES;
				CLANG_WARN_COMMA = YES;
				CLANG_WARN_CONSTANT_CONVERSION = YES;
				CLANG_WARN_DEPRECATED_OBJC_IMPLEMENTATIONS = YES;
				CLANG_WARN_DIRECT_OBJC_ISA_USAGE = YES_ERROR;
				CLANG_WARN_DOCUMENTATION_COMMENTS = YES;
				CLANG_WARN_EMPTY_BODY = YES;
				CLANG_WARN_ENUM_CONVERSION = YES;
				CLANG_WARN_INFINITE_RECURSION = YES;
				CLANG_WARN_INT_CONVERSION = YES;
				CLANG_WARN_NON_LITERAL_NULL_CONVERSION = YES;
				CLANG_WARN_OBJC_IMPLICIT_RETAIN_SELF = YES;
				CLANG_WARN_OBJC_LITERAL_CONVERSION = YES;
				CLANG_WARN_OBJC_ROOT_CLASS = YES_ERROR;
				CLANG_WARN_QUOTED_INCLUDE_IN_FRAMEWORK_HEADER = YES;
				CLANG_WARN_RANGE_LOOP_ANALYSIS = YES;
				CLANG_WARN_STRICT_PROTOTYPES = YES;
				CLANG_WARN_SUSPICIOUS_MOVE = YES;
				CLANG_WARN_UNGUARDED_AVAILABILITY = YES_AGGRESSIVE;
				CLANG_WARN_UNREACHABLE_CODE = YES;
				CLANG_WARN__DUPLICATE_METHOD_MATCH = YES;
				COPY_PHASE_STRIP = NO;
				DEBUG_INFORMATION_FORMAT = "dwarf-with-dsym";
				ENABLE_NS_ASSERTIONS = NO;
				ENABLE_STRICT_OBJC_MSGSEND = YES;
				GCC_C_LANGUAGE_STANDARD = gnu11;
				GCC_NO_COMMON_BLOCKS = YES;
				GCC_WARN_64_TO_32_BIT_CONVERSION = YES;
				GCC_WARN_ABOUT_RETURN_TYPE = YES_ERROR;
				GCC_WARN_UNDECLARED_SELECTOR = YES;
				GCC_WARN_UNINITIALIZED_AUTOS = YES_AGGRESSIVE;
				GCC_WARN_UNUSED_FUNCTION = YES;
				GCC_WARN_UNUSED_VARIABLE = YES;
				IPHONEOS_DEPLOYMENT_TARGET = 14.5;
				MTL_ENABLE_DEBUG_INFO = NO;
				MTL_FAST_MATH = YES;
				SDKROOT = iphoneos;
				SWIFT_COMPILATION_MODE = wholemodule;
				SWIFT_OPTIMIZATION_LEVEL = "-O";
				VALIDATE_PRODUCT = YES;
			};
			name = Release;
		};
		6062B0392703EBE9004B3C78 /* Debug */ = {
			isa = XCBuildConfiguration;
			buildSettings = {
				ASSETCATALOG_COMPILER_APPICON_NAME = AppIcon;
				ASSETCATALOG_COMPILER_GLOBAL_ACCENT_COLOR_NAME = AccentColor;
				CODE_SIGN_STYLE = Automatic;
				DEVELOPMENT_ASSET_PATHS = "\"WeatherApp/Preview Content\"";
				DEVELOPMENT_TEAM = Z6S52L578H;
				ENABLE_PREVIEWS = YES;
				INFOPLIST_FILE = WeatherApp/Info.plist;
				IPHONEOS_DEPLOYMENT_TARGET = 14.5;
				LD_RUNPATH_SEARCH_PATHS = (
					"$(inherited)",
					"@executable_path/Frameworks",
				);
				PRODUCT_BUNDLE_IDENTIFIER = Shomen.WeatherApp;
				PRODUCT_NAME = "$(TARGET_NAME)";
				SWIFT_VERSION = 5.0;
				TARGETED_DEVICE_FAMILY = "1,2";
			};
			name = Debug;
		};
		6062B03A2703EBE9004B3C78 /* Release */ = {
			isa = XCBuildConfiguration;
			buildSettings = {
				ASSETCATALOG_COMPILER_APPICON_NAME = AppIcon;
				ASSETCATALOG_COMPILER_GLOBAL_ACCENT_COLOR_NAME = AccentColor;
				CODE_SIGN_STYLE = Automatic;
				DEVELOPMENT_ASSET_PATHS = "\"WeatherApp/Preview Content\"";
				DEVELOPMENT_TEAM = Z6S52L578H;
				ENABLE_PREVIEWS = YES;
				INFOPLIST_FILE = WeatherApp/Info.plist;
				IPHONEOS_DEPLOYMENT_TARGET = 14.5;
				LD_RUNPATH_SEARCH_PATHS = (
					"$(inherited)",
					"@executable_path/Frameworks",
				);
				PRODUCT_BUNDLE_IDENTIFIER = Shomen.WeatherApp;
				PRODUCT_NAME = "$(TARGET_NAME)";
				SWIFT_VERSION = 5.0;
				TARGETED_DEVICE_FAMILY = "1,2";
			};
			name = Release;
		};
		6062B03C2703EBE9004B3C78 /* Debug */ = {
			isa = XCBuildConfiguration;
			buildSettings = {
				ALWAYS_EMBED_SWIFT_STANDARD_LIBRARIES = YES;
				BUNDLE_LOADER = "$(TEST_HOST)";
				CODE_SIGN_STYLE = Automatic;
				DEVELOPMENT_TEAM = Z6S52L578H;
				INFOPLIST_FILE = WeatherAppTests/Info.plist;
				IPHONEOS_DEPLOYMENT_TARGET = 14.0;
				LD_RUNPATH_SEARCH_PATHS = (
					"$(inherited)",
					"@executable_path/Frameworks",
					"@loader_path/Frameworks",
				);
				PRODUCT_BUNDLE_IDENTIFIER = Shomen.WeatherAppTests;
				PRODUCT_NAME = "$(TARGET_NAME)";
				SWIFT_VERSION = 5.0;
				TARGETED_DEVICE_FAMILY = "1,2";
				TEST_HOST = "$(BUILT_PRODUCTS_DIR)/WeatherApp.app/WeatherApp";
			};
			name = Debug;
		};
		6062B03D2703EBE9004B3C78 /* Release */ = {
			isa = XCBuildConfiguration;
			buildSettings = {
				ALWAYS_EMBED_SWIFT_STANDARD_LIBRARIES = YES;
				BUNDLE_LOADER = "$(TEST_HOST)";
				CODE_SIGN_STYLE = Automatic;
				DEVELOPMENT_TEAM = Z6S52L578H;
				INFOPLIST_FILE = WeatherAppTests/Info.plist;
				IPHONEOS_DEPLOYMENT_TARGET = 14.0;
				LD_RUNPATH_SEARCH_PATHS = (
					"$(inherited)",
					"@executable_path/Frameworks",
					"@loader_path/Frameworks",
				);
				PRODUCT_BUNDLE_IDENTIFIER = Shomen.WeatherAppTests;
				PRODUCT_NAME = "$(TARGET_NAME)";
				SWIFT_VERSION = 5.0;
				TARGETED_DEVICE_FAMILY = "1,2";
				TEST_HOST = "$(BUILT_PRODUCTS_DIR)/WeatherApp.app/WeatherApp";
			};
			name = Release;
		};
		6062B03F2703EBE9004B3C78 /* Debug */ = {
			isa = XCBuildConfiguration;
			buildSettings = {
				ALWAYS_EMBED_SWIFT_STANDARD_LIBRARIES = YES;
				CODE_SIGN_STYLE = Automatic;
				DEVELOPMENT_TEAM = Z6S52L578H;
				INFOPLIST_FILE = WeatherAppUITests/Info.plist;
				LD_RUNPATH_SEARCH_PATHS = (
					"$(inherited)",
					"@executable_path/Frameworks",
					"@loader_path/Frameworks",
				);
				PRODUCT_BUNDLE_IDENTIFIER = Shomen.WeatherAppUITests;
				PRODUCT_NAME = "$(TARGET_NAME)";
				SWIFT_VERSION = 5.0;
				TARGETED_DEVICE_FAMILY = "1,2";
				TEST_TARGET_NAME = WeatherApp;
			};
			name = Debug;
		};
		6062B0402703EBE9004B3C78 /* Release */ = {
			isa = XCBuildConfiguration;
			buildSettings = {
				ALWAYS_EMBED_SWIFT_STANDARD_LIBRARIES = YES;
				CODE_SIGN_STYLE = Automatic;
				DEVELOPMENT_TEAM = Z6S52L578H;
				INFOPLIST_FILE = WeatherAppUITests/Info.plist;
				LD_RUNPATH_SEARCH_PATHS = (
					"$(inherited)",
					"@executable_path/Frameworks",
					"@loader_path/Frameworks",
				);
				PRODUCT_BUNDLE_IDENTIFIER = Shomen.WeatherAppUITests;
				PRODUCT_NAME = "$(TARGET_NAME)";
				SWIFT_VERSION = 5.0;
				TARGETED_DEVICE_FAMILY = "1,2";
				TEST_TARGET_NAME = WeatherApp;
			};
			name = Release;
		};
/* End XCBuildConfiguration section */

/* Begin XCConfigurationList section */
		6062B00E2703EBE0004B3C78 /* Build configuration list for PBXProject "WeatherApp" */ = {
			isa = XCConfigurationList;
			buildConfigurations = (
				6062B0362703EBE9004B3C78 /* Debug */,
				6062B0372703EBE9004B3C78 /* Release */,
			);
			defaultConfigurationIsVisible = 0;
			defaultConfigurationName = Release;
		};
		6062B0382703EBE9004B3C78 /* Build configuration list for PBXNativeTarget "WeatherApp" */ = {
			isa = XCConfigurationList;
			buildConfigurations = (
				6062B0392703EBE9004B3C78 /* Debug */,
				6062B03A2703EBE9004B3C78 /* Release */,
			);
			defaultConfigurationIsVisible = 0;
			defaultConfigurationName = Release;
		};
		6062B03B2703EBE9004B3C78 /* Build configuration list for PBXNativeTarget "WeatherAppTests" */ = {
			isa = XCConfigurationList;
			buildConfigurations = (
				6062B03C2703EBE9004B3C78 /* Debug */,
				6062B03D2703EBE9004B3C78 /* Release */,
			);
			defaultConfigurationIsVisible = 0;
			defaultConfigurationName = Release;
		};
		6062B03E2703EBE9004B3C78 /* Build configuration list for PBXNativeTarget "WeatherAppUITests" */ = {
			isa = XCConfigurationList;
			buildConfigurations = (
				6062B03F2703EBE9004B3C78 /* Debug */,
				6062B0402703EBE9004B3C78 /* Release */,
			);
			defaultConfigurationIsVisible = 0;
			defaultConfigurationName = Release;
		};
/* End XCConfigurationList section */

/* Begin XCRemoteSwiftPackageReference section */
		6062B04927040797004B3C78 /* XCRemoteSwiftPackageReference "SDWebImageSwiftUI" */ = {
			isa = XCRemoteSwiftPackageReference;
			repositoryURL = "https://github.com/SDWebImage/SDWebImageSwiftUI";
			requirement = {
				kind = upToNextMajorVersion;
				minimumVersion = 2.0.2;
			};
		};
		6062B04C270409C3004B3C78 /* XCRemoteSwiftPackageReference "Kingfisher" */ = {
			isa = XCRemoteSwiftPackageReference;
			repositoryURL = "https://github.com/onevcat/Kingfisher";
			requirement = {
				kind = upToNextMajorVersion;
				minimumVersion = 7.0.0;
			};
		};
/* End XCRemoteSwiftPackageReference section */

/* Begin XCSwiftPackageProductDependency section */
		6062B04A27040797004B3C78 /* SDWebImageSwiftUI */ = {
			isa = XCSwiftPackageProductDependency;
			package = 6062B04927040797004B3C78 /* XCRemoteSwiftPackageReference "SDWebImageSwiftUI" */;
			productName = SDWebImageSwiftUI;
		};
		6062B04D270409C3004B3C78 /* Kingfisher */ = {
			isa = XCSwiftPackageProductDependency;
			package = 6062B04C270409C3004B3C78 /* XCRemoteSwiftPackageReference "Kingfisher" */;
			productName = Kingfisher;
		};
/* End XCSwiftPackageProductDependency section */
	};
	rootObject = 6062B00B2703EBE0004B3C78 /* Project object */;
}
